// !$*UTF8*$!
{
	archiveVersion = 1;
	classes = {
	};
	objectVersion = 55;
	objects = {

/* Begin PBXBuildFile section */
		ACAEDFD028126F8400FC5FCD /* AppDelegate.swift in Sources */ = {isa = PBXBuildFile; fileRef = ACAEDFCF28126F8400FC5FCD /* AppDelegate.swift */; };
		ACAEDFD228126F8400FC5FCD /* SceneDelegate.swift in Sources */ = {isa = PBXBuildFile; fileRef = ACAEDFD128126F8400FC5FCD /* SceneDelegate.swift */; };
		ACAEDFD428126F8400FC5FCD /* ViewController.swift in Sources */ = {isa = PBXBuildFile; fileRef = ACAEDFD328126F8400FC5FCD /* ViewController.swift */; };
		ACAEDFD928126F8500FC5FCD /* Assets.xcassets in Resources */ = {isa = PBXBuildFile; fileRef = ACAEDFD828126F8500FC5FCD /* Assets.xcassets */; };
		ACAEDFDC28126F8500FC5FCD /* LaunchScreen.storyboard in Resources */ = {isa = PBXBuildFile; fileRef = ACAEDFDA28126F8500FC5FCD /* LaunchScreen.storyboard */; };
		ACAEDFE728126F8500FC5FCD /* calculatorTests.swift in Sources */ = {isa = PBXBuildFile; fileRef = ACAEDFE628126F8500FC5FCD /* calculatorTests.swift */; };
		ACAEDFF128126F8500FC5FCD /* calculatorUITests.swift in Sources */ = {isa = PBXBuildFile; fileRef = ACAEDFF028126F8500FC5FCD /* calculatorUITests.swift */; };
		ACAEDFF328126F8500FC5FCD /* calculatorUITestsLaunchTests.swift in Sources */ = {isa = PBXBuildFile; fileRef = ACAEDFF228126F8500FC5FCD /* calculatorUITestsLaunchTests.swift */; };
		ACAEE000281272A100FC5FCD /* Main.storyboard in Resources */ = {isa = PBXBuildFile; fileRef = ACAEDFFF281272A100FC5FCD /* Main.storyboard */; };
/* End PBXBuildFile section */

/* Begin PBXContainerItemProxy section */
		ACAEDFE328126F8500FC5FCD /* PBXContainerItemProxy */ = {
			isa = PBXContainerItemProxy;
			containerPortal = ACAEDFC428126F8300FC5FCD /* Project object */;
			proxyType = 1;
			remoteGlobalIDString = ACAEDFCB28126F8400FC5FCD;
			remoteInfo = calculator;
		};
		ACAEDFED28126F8500FC5FCD /* PBXContainerItemProxy */ = {
			isa = PBXContainerItemProxy;
			containerPortal = ACAEDFC428126F8300FC5FCD /* Project object */;
			proxyType = 1;
			remoteGlobalIDString = ACAEDFCB28126F8400FC5FCD;
			remoteInfo = calculator;
		};
/* End PBXContainerItemProxy section */

/* Begin PBXFileReference section */
		ACAEDFCC28126F8400FC5FCD /* calculator.app */ = {isa = PBXFileReference; explicitFileType = wrapper.application; includeInIndex = 0; path = calculator.app; sourceTree = BUILT_PRODUCTS_DIR; };
		ACAEDFCF28126F8400FC5FCD /* AppDelegate.swift */ = {isa = PBXFileReference; lastKnownFileType = sourcecode.swift; path = AppDelegate.swift; sourceTree = "<group>"; };
		ACAEDFD128126F8400FC5FCD /* SceneDelegate.swift */ = {isa = PBXFileReference; lastKnownFileType = sourcecode.swift; path = SceneDelegate.swift; sourceTree = "<group>"; };
		ACAEDFD328126F8400FC5FCD /* ViewController.swift */ = {isa = PBXFileReference; lastKnownFileType = sourcecode.swift; path = ViewController.swift; sourceTree = "<group>"; };
		ACAEDFD828126F8500FC5FCD /* Assets.xcassets */ = {isa = PBXFileReference; lastKnownFileType = folder.assetcatalog; path = Assets.xcassets; sourceTree = "<group>"; };
		ACAEDFDB28126F8500FC5FCD /* Base */ = {isa = PBXFileReference; lastKnownFileType = file.storyboard; name = Base; path = Base.lproj/LaunchScreen.storyboard; sourceTree = "<group>"; };
		ACAEDFDD28126F8500FC5FCD /* Info.plist */ = {isa = PBXFileReference; lastKnownFileType = text.plist.xml; path = Info.plist; sourceTree = "<group>"; };
		ACAEDFE228126F8500FC5FCD /* calculatorTests.xctest */ = {isa = PBXFileReference; explicitFileType = wrapper.cfbundle; includeInIndex = 0; path = calculatorTests.xctest; sourceTree = BUILT_PRODUCTS_DIR; };
		ACAEDFE628126F8500FC5FCD /* calculatorTests.swift */ = {isa = PBXFileReference; lastKnownFileType = sourcecode.swift; path = calculatorTests.swift; sourceTree = "<group>"; };
		ACAEDFEC28126F8500FC5FCD /* calculatorUITests.xctest */ = {isa = PBXFileReference; explicitFileType = wrapper.cfbundle; includeInIndex = 0; path = calculatorUITests.xctest; sourceTree = BUILT_PRODUCTS_DIR; };
		ACAEDFF028126F8500FC5FCD /* calculatorUITests.swift */ = {isa = PBXFileReference; lastKnownFileType = sourcecode.swift; path = calculatorUITests.swift; sourceTree = "<group>"; };
		ACAEDFF228126F8500FC5FCD /* calculatorUITestsLaunchTests.swift */ = {isa = PBXFileReference; lastKnownFileType = sourcecode.swift; path = calculatorUITestsLaunchTests.swift; sourceTree = "<group>"; };
		ACAEDFFF281272A100FC5FCD /* Main.storyboard */ = {isa = PBXFileReference; fileEncoding = 4; lastKnownFileType = file.storyboard; name = Main.storyboard; path = ../../../Downloads/Main.storyboard; sourceTree = "<group>"; };
/* End PBXFileReference section */

/* Begin PBXFrameworksBuildPhase section */
		ACAEDFC928126F8400FC5FCD /* Frameworks */ = {
			isa = PBXFrameworksBuildPhase;
			buildActionMask = 2147483647;
			files = (
			);
			runOnlyForDeploymentPostprocessing = 0;
		};
		ACAEDFDF28126F8500FC5FCD /* Frameworks */ = {
			isa = PBXFrameworksBuildPhase;
			buildActionMask = 2147483647;
			files = (
			);
			runOnlyForDeploymentPostprocessing = 0;
		};
		ACAEDFE928126F8500FC5FCD /* Frameworks */ = {
			isa = PBXFrameworksBuildPhase;
			buildActionMask = 2147483647;
			files = (
			);
			runOnlyForDeploymentPostprocessing = 0;
		};
/* End PBXFrameworksBuildPhase section */

/* Begin PBXGroup section */
		ACAEDFC328126F8300FC5FCD = {
			isa = PBXGroup;
			children = (
				ACAEDFCE28126F8400FC5FCD /* calculator */,
				ACAEDFE528126F8500FC5FCD /* calculatorTests */,
				ACAEDFEF28126F8500FC5FCD /* calculatorUITests */,
				ACAEDFCD28126F8400FC5FCD /* Products */,
			);
			sourceTree = "<group>";
		};
		ACAEDFCD28126F8400FC5FCD /* Products */ = {
			isa = PBXGroup;
			children = (
				ACAEDFCC28126F8400FC5FCD /* calculator.app */,
				ACAEDFE228126F8500FC5FCD /* calculatorTests.xctest */,
				ACAEDFEC28126F8500FC5FCD /* calculatorUITests.xctest */,
			);
			name = Products;
			sourceTree = "<group>";
		};
		ACAEDFCE28126F8400FC5FCD /* calculator */ = {
			isa = PBXGroup;
			children = (
				ACAEDFCF28126F8400FC5FCD /* AppDelegate.swift */,
				ACAEDFD128126F8400FC5FCD /* SceneDelegate.swift */,
				ACAEDFD328126F8400FC5FCD /* ViewController.swift */,
				ACAEDFFF281272A100FC5FCD /* Main.storyboard */,
				ACAEDFD828126F8500FC5FCD /* Assets.xcassets */,
				ACAEDFDA28126F8500FC5FCD /* LaunchScreen.storyboard */,
				ACAEDFDD28126F8500FC5FCD /* Info.plist */,
			);
			path = calculator;
			sourceTree = "<group>";
		};
		ACAEDFE528126F8500FC5FCD /* calculatorTests */ = {
			isa = PBXGroup;
			children = (
				ACAEDFE628126F8500FC5FCD /* calculatorTests.swift */,
			);
			path = calculatorTests;
			sourceTree = "<group>";
		};
		ACAEDFEF28126F8500FC5FCD /* calculatorUITests */ = {
			isa = PBXGroup;
			children = (
				ACAEDFF028126F8500FC5FCD /* calculatorUITests.swift */,
				ACAEDFF228126F8500FC5FCD /* calculatorUITestsLaunchTests.swift */,
			);
			path = calculatorUITests;
			sourceTree = "<group>";
		};
/* End PBXGroup section */

/* Begin PBXNativeTarget section */
		ACAEDFCB28126F8400FC5FCD /* calculator */ = {
			isa = PBXNativeTarget;
			buildConfigurationList = ACAEDFF628126F8500FC5FCD /* Build configuration list for PBXNativeTarget "calculator" */;
			buildPhases = (
				ACAEDFC828126F8400FC5FCD /* Sources */,
				ACAEDFC928126F8400FC5FCD /* Frameworks */,
				ACAEDFCA28126F8400FC5FCD /* Resources */,
			);
			buildRules = (
			);
			dependencies = (
			);
			name = calculator;
			productName = calculator;
			productReference = ACAEDFCC28126F8400FC5FCD /* calculator.app */;
			productType = "com.apple.product-type.application";
		};
		ACAEDFE128126F8500FC5FCD /* calculatorTests */ = {
			isa = PBXNativeTarget;
			buildConfigurationList = ACAEDFF928126F8500FC5FCD /* Build configuration list for PBXNativeTarget "calculatorTests" */;
			buildPhases = (
				ACAEDFDE28126F8500FC5FCD /* Sources */,
				ACAEDFDF28126F8500FC5FCD /* Frameworks */,
				ACAEDFE028126F8500FC5FCD /* Resources */,
			);
			buildRules = (
			);
			dependencies = (
				ACAEDFE428126F8500FC5FCD /* PBXTargetDependency */,
			);
			name = calculatorTests;
			productName = calculatorTests;
			productReference = ACAEDFE228126F8500FC5FCD /* calculatorTests.xctest */;
			productType = "com.apple.product-type.bundle.unit-test";
		};
		ACAEDFEB28126F8500FC5FCD /* calculatorUITests */ = {
			isa = PBXNativeTarget;
			buildConfigurationList = ACAEDFFC28126F8500FC5FCD /* Build configuration list for PBXNativeTarget "calculatorUITests" */;
			buildPhases = (
				ACAEDFE828126F8500FC5FCD /* Sources */,
				ACAEDFE928126F8500FC5FCD /* Frameworks */,
				ACAEDFEA28126F8500FC5FCD /* Resources */,
			);
			buildRules = (
			);
			dependencies = (
				ACAEDFEE28126F8500FC5FCD /* PBXTargetDependency */,
			);
			name = calculatorUITests;
			productName = calculatorUITests;
			productReference = ACAEDFEC28126F8500FC5FCD /* calculatorUITests.xctest */;
			productType = "com.apple.product-type.bundle.ui-testing";
		};
/* End PBXNativeTarget section */

/* Begin PBXProject section */
		ACAEDFC428126F8300FC5FCD /* Project object */ = {
			isa = PBXProject;
			attributes = {
				BuildIndependentTargetsInParallel = 1;
				LastSwiftUpdateCheck = 1320;
				LastUpgradeCheck = 1320;
				TargetAttributes = {
					ACAEDFCB28126F8400FC5FCD = {
						CreatedOnToolsVersion = 13.2.1;
					};
					ACAEDFE128126F8500FC5FCD = {
						CreatedOnToolsVersion = 13.2.1;
						TestTargetID = ACAEDFCB28126F8400FC5FCD;
					};
					ACAEDFEB28126F8500FC5FCD = {
						CreatedOnToolsVersion = 13.2.1;
						TestTargetID = ACAEDFCB28126F8400FC5FCD;
					};
				};
			};
			buildConfigurationList = ACAEDFC728126F8300FC5FCD /* Build configuration list for PBXProject "calculator" */;
			compatibilityVersion = "Xcode 13.0";
			developmentRegion = en;
			hasScannedForEncodings = 0;
			knownRegions = (
				en,
				Base,
			);
			mainGroup = ACAEDFC328126F8300FC5FCD;
			productRefGroup = ACAEDFCD28126F8400FC5FCD /* Products */;
			projectDirPath = "";
			projectRoot = "";
			targets = (
				ACAEDFCB28126F8400FC5FCD /* calculator */,
				ACAEDFE128126F8500FC5FCD /* calculatorTests */,
				ACAEDFEB28126F8500FC5FCD /* calculatorUITests */,
			);
		};
/* End PBXProject section */

/* Begin PBXResourcesBuildPhase section */
		ACAEDFCA28126F8400FC5FCD /* Resources */ = {
			isa = PBXResourcesBuildPhase;
			buildActionMask = 2147483647;
			files = (
				ACAEDFDC28126F8500FC5FCD /* LaunchScreen.storyboard in Resources */,
				ACAEDFD928126F8500FC5FCD /* Assets.xcassets in Resources */,
				ACAEE000281272A100FC5FCD /* Main.storyboard in Resources */,
			);
			runOnlyForDeploymentPostprocessing = 0;
		};
		ACAEDFE028126F8500FC5FCD /* Resources */ = {
			isa = PBXResourcesBuildPhase;
			buildActionMask = 2147483647;
			files = (
			);
			runOnlyForDeploymentPostprocessing = 0;
		};
		ACAEDFEA28126F8500FC5FCD /* Resources */ = {
			isa = PBXResourcesBuildPhase;
			buildActionMask = 2147483647;
			files = (
			);
			runOnlyForDeploymentPostprocessing = 0;
		};
/* End PBXResourcesBuildPhase section */

/* Begin PBXSourcesBuildPhase section */
		ACAEDFC828126F8400FC5FCD /* Sources */ = {
			isa = PBXSourcesBuildPhase;
			buildActionMask = 2147483647;
			files = (
				ACAEDFD428126F8400FC5FCD /* ViewController.swift in Sources */,
				ACAEDFD028126F8400FC5FCD /* AppDelegate.swift in Sources */,
				ACAEDFD228126F8400FC5FCD /* SceneDelegate.swift in Sources */,
			);
			runOnlyForDeploymentPostprocessing = 0;
		};
		ACAEDFDE28126F8500FC5FCD /* Sources */ = {
			isa = PBXSourcesBuildPhase;
			buildActionMask = 2147483647;
			files = (
				ACAEDFE728126F8500FC5FCD /* calculatorTests.swift in Sources */,
			);
			runOnlyForDeploymentPostprocessing = 0;
		};
		ACAEDFE828126F8500FC5FCD /* Sources */ = {
			isa = PBXSourcesBuildPhase;
			buildActionMask = 2147483647;
			files = (
				ACAEDFF328126F8500FC5FCD /* calculatorUITestsLaunchTests.swift in Sources */,
				ACAEDFF128126F8500FC5FCD /* calculatorUITests.swift in Sources */,
			);
			runOnlyForDeploymentPostprocessing = 0;
		};
/* End PBXSourcesBuildPhase section */

/* Begin PBXTargetDependency section */
		ACAEDFE428126F8500FC5FCD /* PBXTargetDependency */ = {
			isa = PBXTargetDependency;
			target = ACAEDFCB28126F8400FC5FCD /* calculator */;
			targetProxy = ACAEDFE328126F8500FC5FCD /* PBXContainerItemProxy */;
		};
		ACAEDFEE28126F8500FC5FCD /* PBXTargetDependency */ = {
			isa = PBXTargetDependency;
			target = ACAEDFCB28126F8400FC5FCD /* calculator */;
			targetProxy = ACAEDFED28126F8500FC5FCD /* PBXContainerItemProxy */;
		};
/* End PBXTargetDependency section */

/* Begin PBXVariantGroup section */
		ACAEDFDA28126F8500FC5FCD /* LaunchScreen.storyboard */ = {
			isa = PBXVariantGroup;
			children = (
				ACAEDFDB28126F8500FC5FCD /* Base */,
			);
			name = LaunchScreen.storyboard;
			sourceTree = "<group>";
		};
/* End PBXVariantGroup section */

/* Begin XCBuildConfiguration section */
		ACAEDFF428126F8500FC5FCD /* Debug */ = {
			isa = XCBuildConfiguration;
			buildSettings = {
				ALWAYS_SEARCH_USER_PATHS = NO;
				CLANG_ANALYZER_NONNULL = YES;
				CLANG_ANALYZER_NUMBER_OBJECT_CONVERSION = YES_AGGRESSIVE;
				CLANG_CXX_LANGUAGE_STANDARD = "gnu++17";
				CLANG_CXX_LIBRARY = "libc++";
				CLANG_ENABLE_MODULES = YES;
				CLANG_ENABLE_OBJC_ARC = YES;
				CLANG_ENABLE_OBJC_WEAK = YES;
				CLANG_WARN_BLOCK_CAPTURE_AUTORELEASING = YES;
				CLANG_WARN_BOOL_CONVERSION = YES;
				CLANG_WARN_COMMA = YES;
				CLANG_WARN_CONSTANT_CONVERSION = YES;
				CLANG_WARN_DEPRECATED_OBJC_IMPLEMENTATIONS = YES;
				CLANG_WARN_DIRECT_OBJC_ISA_USAGE = YES_ERROR;
				CLANG_WARN_DOCUMENTATION_COMMENTS = YES;
				CLANG_WARN_EMPTY_BODY = YES;
				CLANG_WARN_ENUM_CONVERSION = YES;
				CLANG_WARN_INFINITE_RECURSION = YES;
				CLANG_WARN_INT_CONVERSION = YES;
				CLANG_WARN_NON_LITERAL_NULL_CONVERSION = YES;
				CLANG_WARN_OBJC_IMPLICIT_RETAIN_SELF = YES;
				CLANG_WARN_OBJC_LITERAL_CONVERSION = YES;
				CLANG_WARN_OBJC_ROOT_CLASS = YES_ERROR;
				CLANG_WARN_QUOTED_INCLUDE_IN_FRAMEWORK_HEADER = YES;
				CLANG_WARN_RANGE_LOOP_ANALYSIS = YES;
				CLANG_WARN_STRICT_PROTOTYPES = YES;
				CLANG_WARN_SUSPICIOUS_MOVE = YES;
				CLANG_WARN_UNGUARDED_AVAILABILITY = YES_AGGRESSIVE;
				CLANG_WARN_UNREACHABLE_CODE = YES;
				CLANG_WARN__DUPLICATE_METHOD_MATCH = YES;
				COPY_PHASE_STRIP = NO;
				DEBUG_INFORMATION_FORMAT = dwarf;
				ENABLE_STRICT_OBJC_MSGSEND = YES;
				ENABLE_TESTABILITY = YES;
				GCC_C_LANGUAGE_STANDARD = gnu11;
				GCC_DYNAMIC_NO_PIC = NO;
				GCC_NO_COMMON_BLOCKS = YES;
				GCC_OPTIMIZATION_LEVEL = 0;
				GCC_PREPROCESSOR_DEFINITIONS = (
					"DEBUG=1",
					"$(inherited)",
				);
				GCC_WARN_64_TO_32_BIT_CONVERSION = YES;
				GCC_WARN_ABOUT_RETURN_TYPE = YES_ERROR;
				GCC_WARN_UNDECLARED_SELECTOR = YES;
				GCC_WARN_UNINITIALIZED_AUTOS = YES_AGGRESSIVE;
				GCC_WARN_UNUSED_FUNCTION = YES;
				GCC_WARN_UNUSED_VARIABLE = YES;
				IPHONEOS_DEPLOYMENT_TARGET = 15.2;
				MTL_ENABLE_DEBUG_INFO = INCLUDE_SOURCE;
				MTL_FAST_MATH = YES;
				ONLY_ACTIVE_ARCH = YES;
				SDKROOT = iphoneos;
				SWIFT_ACTIVE_COMPILATION_CONDITIONS = DEBUG;
				SWIFT_OPTIMIZATION_LEVEL = "-Onone";
			};
			name = Debug;
		};
		ACAEDFF528126F8500FC5FCD /* Release */ = {
			isa = XCBuildConfiguration;
			buildSettings = {
				ALWAYS_SEARCH_USER_PATHS = NO;
				CLANG_ANALYZER_NONNULL = YES;
				CLANG_ANALYZER_NUMBER_OBJECT_CONVERSION = YES_AGGRESSIVE;
				CLANG_CXX_LANGUAGE_STANDARD = "gnu++17";
				CLANG_CXX_LIBRARY = "libc++";
				CLANG_ENABLE_MODULES = YES;
				CLANG_ENABLE_OBJC_ARC = YES;
				CLANG_ENABLE_OBJC_WEAK = YES;
				CLANG_WARN_BLOCK_CAPTURE_AUTORELEASING = YES;
				CLANG_WARN_BOOL_CONVERSION = YES;
				CLANG_WARN_COMMA = YES;
				CLANG_WARN_CONSTANT_CONVERSION = YES;
				CLANG_WARN_DEPRECATED_OBJC_IMPLEMENTATIONS = YES;
				CLANG_WARN_DIRECT_OBJC_ISA_USAGE = YES_ERROR;
				CLANG_WARN_DOCUMENTATION_COMMENTS = YES;
				CLANG_WARN_EMPTY_BODY = YES;
				CLANG_WARN_ENUM_CONVERSION = YES;
				CLANG_WARN_INFINITE_RECURSION = YES;
				CLANG_WARN_INT_CONVERSION = YES;
				CLANG_WARN_NON_LITERAL_NULL_CONVERSION = YES;
				CLANG_WARN_OBJC_IMPLICIT_RETAIN_SELF = YES;
				CLANG_WARN_OBJC_LITERAL_CONVERSION = YES;
				CLANG_WARN_OBJC_ROOT_CLASS = YES_ERROR;
				CLANG_WARN_QUOTED_INCLUDE_IN_FRAMEWORK_HEADER = YES;
				CLANG_WARN_RANGE_LOOP_ANALYSIS = YES;
				CLANG_WARN_STRICT_PROTOTYPES = YES;
				CLANG_WARN_SUSPICIOUS_MOVE = YES;
				CLANG_WARN_UNGUARDED_AVAILABILITY = YES_AGGRESSIVE;
				CLANG_WARN_UNREACHABLE_CODE = YES;
				CLANG_WARN__DUPLICATE_METHOD_MATCH = YES;
				COPY_PHASE_STRIP = NO;
				DEBUG_INFORMATION_FORMAT = "dwarf-with-dsym";
				ENABLE_NS_ASSERTIONS = NO;
				ENABLE_STRICT_OBJC_MSGSEND = YES;
				GCC_C_LANGUAGE_STANDARD = gnu11;
				GCC_NO_COMMON_BLOCKS = YES;
				GCC_WARN_64_TO_32_BIT_CONVERSION = YES;
				GCC_WARN_ABOUT_RETURN_TYPE = YES_ERROR;
				GCC_WARN_UNDECLARED_SELECTOR = YES;
				GCC_WARN_UNINITIALIZED_AUTOS = YES_AGGRESSIVE;
				GCC_WARN_UNUSED_FUNCTION = YES;
				GCC_WARN_UNUSED_VARIABLE = YES;
				IPHONEOS_DEPLOYMENT_TARGET = 15.2;
				MTL_ENABLE_DEBUG_INFO = NO;
				MTL_FAST_MATH = YES;
				SDKROOT = iphoneos;
				SWIFT_COMPILATION_MODE = wholemodule;
				SWIFT_OPTIMIZATION_LEVEL = "-O";
				VALIDATE_PRODUCT = YES;
			};
			name = Release;
		};
		ACAEDFF728126F8500FC5FCD /* Debug */ = {
			isa = XCBuildConfiguration;
			buildSettings = {
				ASSETCATALOG_COMPILER_APPICON_NAME = AppIcon;
				ASSETCATALOG_COMPILER_GLOBAL_ACCENT_COLOR_NAME = AccentColor;
				CODE_SIGN_STYLE = Automatic;
				CURRENT_PROJECT_VERSION = 1;
				GENERATE_INFOPLIST_FILE = YES;
				INFOPLIST_FILE = calculator/Info.plist;
				INFOPLIST_KEY_UIApplicationSupportsIndirectInputEvents = YES;
				INFOPLIST_KEY_UILaunchStoryboardName = LaunchScreen;
				INFOPLIST_KEY_UIMainStoryboardFile = Main;
				INFOPLIST_KEY_UISupportedInterfaceOrientations_iPad = "UIInterfaceOrientationPortrait UIInterfaceOrientationPortraitUpsideDown UIInterfaceOrientationLandscapeLeft UIInterfaceOrientationLandscapeRight";
				INFOPLIST_KEY_UISupportedInterfaceOrientations_iPhone = "UIInterfaceOrientationPortrait UIInterfaceOrientationLandscapeLeft UIInterfaceOrientationLandscapeRight";
				LD_RUNPATH_SEARCH_PATHS = (
					"$(inherited)",
					"@executable_path/Frameworks",
				);
				MARKETING_VERSION = 1.0;
				PRODUCT_BUNDLE_IDENTIFIER = yakse.calculator;
				PRODUCT_NAME = "$(TARGET_NAME)";
				SWIFT_EMIT_LOC_STRINGS = YES;
				SWIFT_VERSION = 5.0;
				TARGETED_DEVICE_FAMILY = "1,2";
			};
			name = Debug;
		};
		ACAEDFF828126F8500FC5FCD /* Release */ = {
			isa = XCBuildConfiguration;
			buildSettings = {
				ASSETCATALOG_COMPILER_APPICON_NAME = AppIcon;
				ASSETCATALOG_COMPILER_GLOBAL_ACCENT_COLOR_NAME = AccentColor;
				CODE_SIGN_STYLE = Automatic;
				CURRENT_PROJECT_VERSION = 1;
				GENERATE_INFOPLIST_FILE = YES;
				INFOPLIST_FILE = calculator/Info.plist;
				INFOPLIST_KEY_UIApplicationSupportsIndirectInputEvents = YES;
				INFOPLIST_KEY_UILaunchStoryboardName = LaunchScreen;
				INFOPLIST_KEY_UIMainStoryboardFile = Main;
				INFOPLIST_KEY_UISupportedInterfaceOrientations_iPad = "UIInterfaceOrientationPortrait UIInterfaceOrientationPortraitUpsideDown UIInterfaceOrientationLandscapeLeft UIInterfaceOrientationLandscapeRight";
				INFOPLIST_KEY_UISupportedInterfaceOrientations_iPhone = "UIInterfaceOrientationPortrait UIInterfaceOrientationLandscapeLeft UIInterfaceOrientationLandscapeRight";
				LD_RUNPATH_SEARCH_PATHS = (
					"$(inherited)",
					"@executable_path/Frameworks",
				);
				MARKETING_VERSION = 1.0;
				PRODUCT_BUNDLE_IDENTIFIER = yakse.calculator;
				PRODUCT_NAME = "$(TARGET_NAME)";
				SWIFT_EMIT_LOC_STRINGS = YES;
				SWIFT_VERSION = 5.0;
				TARGETED_DEVICE_FAMILY = "1,2";
			};
			name = Release;
		};
		ACAEDFFA28126F8500FC5FCD /* Debug */ = {
			isa = XCBuildConfiguration;
			buildSettings = {
				ALWAYS_EMBED_SWIFT_STANDARD_LIBRARIES = YES;
				BUNDLE_LOADER = "$(TEST_HOST)";
				CODE_SIGN_STYLE = Automatic;
				CURRENT_PROJECT_VERSION = 1;
				GENERATE_INFOPLIST_FILE = YES;
				IPHONEOS_DEPLOYMENT_TARGET = 15.2;
				MARKETING_VERSION = 1.0;
				PRODUCT_BUNDLE_IDENTIFIER = yakse.calculatorTests;
				PRODUCT_NAME = "$(TARGET_NAME)";
				SWIFT_EMIT_LOC_STRINGS = NO;
				SWIFT_VERSION = 5.0;
				TARGETED_DEVICE_FAMILY = "1,2";
				TEST_HOST = "$(BUILT_PRODUCTS_DIR)/calculator.app/calculator";
			};
			name = Debug;
		};
		ACAEDFFB28126F8500FC5FCD /* Release */ = {
			isa = XCBuildConfiguration;
			buildSettings = {
				ALWAYS_EMBED_SWIFT_STANDARD_LIBRARIES = YES;
				BUNDLE_LOADER = "$(TEST_HOST)";
				CODE_SIGN_STYLE = Automatic;
				CURRENT_PROJECT_VERSION = 1;
				GENERATE_INFOPLIST_FILE = YES;
				IPHONEOS_DEPLOYMENT_TARGET = 15.2;
				MARKETING_VERSION = 1.0;
				PRODUCT_BUNDLE_IDENTIFIER = yakse.calculatorTests;
				PRODUCT_NAME = "$(TARGET_NAME)";
				SWIFT_EMIT_LOC_STRINGS = NO;
				SWIFT_VERSION = 5.0;
				TARGETED_DEVICE_FAMILY = "1,2";
				TEST_HOST = "$(BUILT_PRODUCTS_DIR)/calculator.app/calculator";
			};
			name = Release;
		};
		ACAEDFFD28126F8500FC5FCD /* Debug */ = {
			isa = XCBuildConfiguration;
			buildSettings = {
				ALWAYS_EMBED_SWIFT_STANDARD_LIBRARIES = YES;
				CODE_SIGN_STYLE = Automatic;
				CURRENT_PROJECT_VERSION = 1;
				GENERATE_INFOPLIST_FILE = YES;
				MARKETING_VERSION = 1.0;
				PRODUCT_BUNDLE_IDENTIFIER = yakse.calculatorUITests;
				PRODUCT_NAME = "$(TARGET_NAME)";
				SWIFT_EMIT_LOC_STRINGS = NO;
				SWIFT_VERSION = 5.0;
				TARGETED_DEVICE_FAMILY = "1,2";
				TEST_TARGET_NAME = calculator;
			};
			name = Debug;
		};
		ACAEDFFE28126F8500FC5FCD /* Release */ = {
			isa = XCBuildConfiguration;
			buildSettings = {
				ALWAYS_EMBED_SWIFT_STANDARD_LIBRARIES = YES;
				CODE_SIGN_STYLE = Automatic;
				CURRENT_PROJECT_VERSION = 1;
				GENERATE_INFOPLIST_FILE = YES;
				MARKETING_VERSION = 1.0;
				PRODUCT_BUNDLE_IDENTIFIER = yakse.calculatorUITests;
				PRODUCT_NAME = "$(TARGET_NAME)";
				SWIFT_EMIT_LOC_STRINGS = NO;
				SWIFT_VERSION = 5.0;
				TARGETED_DEVICE_FAMILY = "1,2";
				TEST_TARGET_NAME = calculator;
			};
			name = Release;
		};
/* End XCBuildConfiguration section */

/* Begin XCConfigurationList section */
		ACAEDFC728126F8300FC5FCD /* Build configuration list for PBXProject "calculator" */ = {
			isa = XCConfigurationList;
			buildConfigurations = (
				ACAEDFF428126F8500FC5FCD /* Debug */,
				ACAEDFF528126F8500FC5FCD /* Release */,
			);
			defaultConfigurationIsVisible = 0;
			defaultConfigurationName = Release;
		};
		ACAEDFF628126F8500FC5FCD /* Build configuration list for PBXNativeTarget "calculator" */ = {
			isa = XCConfigurationList;
			buildConfigurations = (
				ACAEDFF728126F8500FC5FCD /* Debug */,
				ACAEDFF828126F8500FC5FCD /* Release */,
			);
			defaultConfigurationIsVisible = 0;
			defaultConfigurationName = Release;
		};
		ACAEDFF928126F8500FC5FCD /* Build configuration list for PBXNativeTarget "calculatorTests" */ = {
			isa = XCConfigurationList;
			buildConfigurations = (
				ACAEDFFA28126F8500FC5FCD /* Debug */,
				ACAEDFFB28126F8500FC5FCD /* Release */,
			);
			defaultConfigurationIsVisible = 0;
			defaultConfigurationName = Release;
		};
		ACAEDFFC28126F8500FC5FCD /* Build configuration list for PBXNativeTarget "calculatorUITests" */ = {
			isa = XCConfigurationList;
			buildConfigurations = (
				ACAEDFFD28126F8500FC5FCD /* Debug */,
				ACAEDFFE28126F8500FC5FCD /* Release */,
			);
			defaultConfigurationIsVisible = 0;
			defaultConfigurationName = Release;
		};
/* End XCConfigurationList section */
	};
	rootObject = ACAEDFC428126F8300FC5FCD /* Project object */;
}
